
Microsoft Visual Studio Solution File, Format Version 12.00
# Visual Studio Version 16
VisualStudioVersion = 16.0.29926.136
MinimumVisualStudioVersion = 10.0.40219.1
Project("{FAE04EC0-301F-11D3-BF4B-00C04F79EFBC}") = "DEMO-DES", "DEMO-DES\DEMO-DES.csproj", "{5B6D56DF-E335-427A-A1EC-4717AF48878D}"
EndProject
Global
	GlobalSection(SolutionConfigurationPlatforms) = preSolution
		Debug|Any CPU = Debug|Any CPU
		Release|Any CPU = Release|Any CPU
	EndGlobalSection
	GlobalSection(ProjectConfigurationPlatforms) = postSolution
		{5B6D56DF-E335-427A-A1EC-4717AF48878D}.Debug|Any CPU.ActiveCfg = Debug|Any CPU
		{5B6D56DF-E335-427A-A1EC-4717AF48878D}.Debug|Any CPU.Build.0 = Debug|Any CPU
		{5B6D56DF-E335-427A-A1EC-4717AF48878D}.Release|Any CPU.ActiveCfg = Release|Any CPU
		{5B6D56DF-E335-427A-A1EC-4717AF48878D}.Release|Any CPU.Build.0 = Release|Any CPU
	EndGlobalSection
	GlobalSection(SolutionProperties) = preSolution
		HideSolutionNode = FALSE
	EndGlobalSection
	GlobalSection(ExtensibilityGlobals) = postSolution
		SolutionGuid = {7ABB141E-C4D2-429C-B2D0-9913CB6269A9}
	EndGlobalSection
EndGlobal
